{
  "name": "angular-app",
  "version": "0.0.1",
  "lockfileVersion": 1,
  "requires": true,
  "dependencies": {
    "@ng-dynamic-forms/core": {
      "version": "7.0.1",
      "resolved": "https://registry.npmjs.org/@ng-dynamic-forms/core/-/core-7.0.1.tgz",
      "integrity": "sha512-4SkcrVsqKmrMr0grbExhir4RwmWIetvqbBXT1bVF4qh/rLzIF6jzEFepm1D4djdlF1XDrGl8vPoRw738ATjZxw=="
    },
    "@ng-dynamic-forms/ui-material": {
      "version": "7.0.1",
      "resolved": "https://registry.npmjs.org/@ng-dynamic-forms/ui-material/-/ui-material-7.0.1.tgz",
      "integrity": "sha512-EP+j586mEBmmEkAUHUIM2uYe4yDz0WkykEtXB1+ZAc4S6i9jlYf7wB64VJ/eI4NMQUvf6Ag3DR+rHKQ9coe6uQ=="
    }
  }
}
